// !$*UTF8*$!
{
	archiveVersion = 1;
	classes = {
	};
	objectVersion = 48;
	objects = {

/* Begin PBXBuildFile section */
		2806993415FD47DC008A50C0 /* APLGyroGraphViewController.m in Sources */ = {isa = PBXBuildFile; fileRef = 2806993315FD47DC008A50C0 /* APLGyroGraphViewController.m */; };
		2852E51615FB1E3C0093D0E7 /* APLDeviceMotionGraphViewController.m in Sources */ = {isa = PBXBuildFile; fileRef = 2852E51515FB1E3C0093D0E7 /* APLDeviceMotionGraphViewController.m */; };
		28DDC9AA15F858BB00570985 /* UIKit.framework in Frameworks */ = {isa = PBXBuildFile; fileRef = 28DDC9A915F858BB00570985 /* UIKit.framework */; };
		28DDC9AC15F858BB00570985 /* Foundation.framework in Frameworks */ = {isa = PBXBuildFile; fileRef = 28DDC9AB15F858BB00570985 /* Foundation.framework */; };
		28DDC9AE15F858BB00570985 /* CoreGraphics.framework in Frameworks */ = {isa = PBXBuildFile; fileRef = 28DDC9AD15F858BB00570985 /* CoreGraphics.framework */; };
		28DDC9B415F858BB00570985 /* InfoPlist.strings in Resources */ = {isa = PBXBuildFile; fileRef = 28DDC9B215F858BB00570985 /* InfoPlist.strings */; };
		28DDC9B615F858BB00570985 /* main.m in Sources */ = {isa = PBXBuildFile; fileRef = 28DDC9B515F858BB00570985 /* main.m */; };
		28DDC9BA15F858BB00570985 /* APLAppDelegate.m in Sources */ = {isa = PBXBuildFile; fileRef = 28DDC9B915F858BB00570985 /* APLAppDelegate.m */; };
		28DDC9BC15F858BB00570985 /* Default.png in Resources */ = {isa = PBXBuildFile; fileRef = 28DDC9BB15F858BB00570985 /* Default.png */; };
		28DDC9BE15F858BB00570985 /* Default@2x.png in Resources */ = {isa = PBXBuildFile; fileRef = 28DDC9BD15F858BB00570985 /* Default@2x.png */; };
		28DDC9C015F858BB00570985 /* Default-568h@2x.png in Resources */ = {isa = PBXBuildFile; fileRef = 28DDC9BF15F858BB00570985 /* Default-568h@2x.png */; };
		28DDC9C315F858BB00570985 /* MotionGraphsStoryboard.storyboard in Resources */ = {isa = PBXBuildFile; fileRef = 28DDC9C115F858BB00570985 /* MotionGraphsStoryboard.storyboard */; };
		28DDC9D015F859B000570985 /* APLGraphViewController.m in Sources */ = {isa = PBXBuildFile; fileRef = 28DDC9CD15F859B000570985 /* APLGraphViewController.m */; };
		28DDC9D115F859B000570985 /* APLGraphView.m in Sources */ = {isa = PBXBuildFile; fileRef = 28DDC9CF15F859B000570985 /* APLGraphView.m */; };
		28DDCA1015F85C5D00570985 /* CoreMotion.framework in Frameworks */ = {isa = PBXBuildFile; fileRef = 28DDCA0F15F85C5D00570985 /* CoreMotion.framework */; };
		28EB72EA160506340094726B /* Localizable.strings in Resources */ = {isa = PBXBuildFile; fileRef = 28EB72EC160506340094726B /* Localizable.strings */; };
		2E930015A8874BA054AA1C91 /* libPods-MotionGraphs.a in Frameworks */ = {isa = PBXBuildFile; fileRef = 65965E3181BD3DF477075657 /* libPods-MotionGraphs.a */; };
		792678B61EC22F0800487AEE /* APLSAMath.m in Sources */ = {isa = PBXBuildFile; fileRef = 792678B31EC22F0800487AEE /* APLSAMath.m */; };
		792678B71EC22F0800487AEE /* APLSAMultisectorControl.m in Sources */ = {isa = PBXBuildFile; fileRef = 792678B51EC22F0800487AEE /* APLSAMultisectorControl.m */; };
		79280B951EED3ED3003F9310 /* CloudKit.framework in Frameworks */ = {isa = PBXBuildFile; fileRef = 79280B941EED3ED3003F9310 /* CloudKit.framework */; };
		79280BA41EF15B3C003F9310 /* DropboxViewController.m in Sources */ = {isa = PBXBuildFile; fileRef = E972124A1CB37B2600A338F0 /* DropboxViewController.m */; };
		792BAB0B1EF38DBA00899FD7 /* QuartzCore.framework in Frameworks */ = {isa = PBXBuildFile; fileRef = 792BAB0A1EF38DBA00899FD7 /* QuartzCore.framework */; };
		792BAB0D1EF38DC400899FD7 /* Security.framework in Frameworks */ = {isa = PBXBuildFile; fileRef = 792BAB0C1EF38DC400899FD7 /* Security.framework */; };
		795746731ED4323F0087E0B8 /* SandboxDetailViewController.m in Sources */ = {isa = PBXBuildFile; fileRef = 795746721ED4323F0087E0B8 /* SandboxDetailViewController.m */; };
		798FC9AB1ECAD37500B13C9A /* AVFoundation.framework in Frameworks */ = {isa = PBXBuildFile; fileRef = E9ED03C41A46F6E8006764D0 /* AVFoundation.framework */; };
		799CC8F41EBDF86600BDE076 /* APLViralSwitch.m in Sources */ = {isa = PBXBuildFile; fileRef = 799CC8F31EBDF86600BDE076 /* APLViralSwitch.m */; };
		799CC9051EBF6CF200BDE076 /* 华文仿宋.ttf in Resources */ = {isa = PBXBuildFile; fileRef = 799CC9041EBF6CF200BDE076 /* 华文仿宋.ttf */; };
		799CC9081EC2226F00BDE076 /* APLPulsingHaloLayer.m in Sources */ = {isa = PBXBuildFile; fileRef = 799CC9071EC2226F00BDE076 /* APLPulsingHaloLayer.m */; };
		799FAA291EED316B00C6DE82 /* APLDocument.m in Sources */ = {isa = PBXBuildFile; fileRef = 799FAA281EED316B00C6DE82 /* APLDocument.m */; };
		79A084431EFCA48F00B6488B /* APLWGS84TOGCJ02.m in Sources */ = {isa = PBXBuildFile; fileRef = 79A084421EFCA48F00B6488B /* APLWGS84TOGCJ02.m */; };
		79B17ACA1F71521D00AD73B2 /* APLCloudFile.m in Sources */ = {isa = PBXBuildFile; fileRef = 79B17AC91F71521D00AD73B2 /* APLCloudFile.m */; };
		79BB573D1ED592AE00A07BAF /* APLSegmentedControl.m in Sources */ = {isa = PBXBuildFile; fileRef = 79BB573C1ED592AE00A07BAF /* APLSegmentedControl.m */; };
		79DA9CDA1F0CA9EC0007C632 /* APLManagedDocument.m in Sources */ = {isa = PBXBuildFile; fileRef = 79DA9CD91F0CA9EC0007C632 /* APLManagedDocument.m */; };
		79DEEF331ECAC7D500BA991B /* APLWaveformView.m in Sources */ = {isa = PBXBuildFile; fileRef = 79DEEF321ECAC7D500BA991B /* APLWaveformView.m */; };
		BC90355C1D3E8BE50039E5C1 /* DropboxDeviceRecordDataYearViewController.m in Sources */ = {isa = PBXBuildFile; fileRef = BC90355B1D3E8BE50039E5C1 /* DropboxDeviceRecordDataYearViewController.m */; };
		BC90355F1D3E8C040039E5C1 /* DropboxDeviceRecordDataMonthViewController.m in Sources */ = {isa = PBXBuildFile; fileRef = BC90355E1D3E8C040039E5C1 /* DropboxDeviceRecordDataMonthViewController.m */; };
		BC9035621D3E8C380039E5C1 /* DropboxDeviceRecordDataDayViewController.m in Sources */ = {isa = PBXBuildFile; fileRef = BC9035611D3E8C380039E5C1 /* DropboxDeviceRecordDataDayViewController.m */; };
		E91DB3051B4F5AEE00885F90 /* AccGraphViewController.m in Sources */ = {isa = PBXBuildFile; fileRef = E91DB3041B4F5AEE00885F90 /* AccGraphViewController.m */; };
		E92591531AE9DCEF004BC2E3 /* BufferRecords.m in Sources */ = {isa = PBXBuildFile; fileRef = E92591521AE9DCEF004BC2E3 /* BufferRecords.m */; };
		E92591561AE9EA7D004BC2E3 /* SeismicRecords.m in Sources */ = {isa = PBXBuildFile; fileRef = E92591551AE9EA7D004BC2E3 /* SeismicRecords.m */; };
		E932C5731CD9F82200582292 /* RecordSettingViewController.m in Sources */ = {isa = PBXBuildFile; fileRef = E932C5721CD9F82200582292 /* RecordSettingViewController.m */; };
		E941C5151A14825800BEC0A9 /* AppSandboxViewController.m in Sources */ = {isa = PBXBuildFile; fileRef = E941C5141A14825800BEC0A9 /* AppSandboxViewController.m */; };
		E941C5181A14884C00BEC0A9 /* AppSandboxDetailViewController.m in Sources */ = {isa = PBXBuildFile; fileRef = E941C5171A14884C00BEC0A9 /* AppSandboxDetailViewController.m */; };
		E96A703B1CBE67A800EC12BF /* MapViewController.m in Sources */ = {isa = PBXBuildFile; fileRef = E96A703A1CBE67A800EC12BF /* MapViewController.m */; };
		E96A703D1CBE689F00EC12BF /* MapKit.framework in Frameworks */ = {isa = PBXBuildFile; fileRef = E96A703C1CBE689F00EC12BF /* MapKit.framework */; };
		E96CE27C19F22D1D00F78D5B /* SystemConfiguration.framework in Frameworks */ = {isa = PBXBuildFile; fileRef = E96CE27B19F22D1D00F78D5B /* SystemConfiguration.framework */; };
		E97212481CB24E6A00A338F0 /* RotationGraphViewController.m in Sources */ = {isa = PBXBuildFile; fileRef = E97212471CB24E6A00A338F0 /* RotationGraphViewController.m */; };
		E972124E1CB3920000A338F0 /* DropboxDeviceListViewController.m in Sources */ = {isa = PBXBuildFile; fileRef = E972124D1CB3920000A338F0 /* DropboxDeviceListViewController.m */; };
		E97212601CB3F44F00A338F0 /* DropboxDeviceRecordDataViewController.m in Sources */ = {isa = PBXBuildFile; fileRef = E972125F1CB3F44F00A338F0 /* DropboxDeviceRecordDataViewController.m */; };
		E97247EF19D2E8270050A8BB /* MessageUI.framework in Frameworks */ = {isa = PBXBuildFile; fileRef = E97247EE19D2E8270050A8BB /* MessageUI.framework */; };
		E99D41471B42A2770073563C /* Media.xcassets in Resources */ = {isa = PBXBuildFile; fileRef = E99D41461B42A2770073563C /* Media.xcassets */; };
		E99DB1EC19F68A450010DEEB /* CoreLocation.framework in Frameworks */ = {isa = PBXBuildFile; fileRef = E99DB1EB19F68A450010DEEB /* CoreLocation.framework */; };
		E9CCAF831A3F173B00A6512B /* APLAccelerometerGraphViewController03.m in Sources */ = {isa = PBXBuildFile; fileRef = E9CCAF821A3F173B00A6512B /* APLAccelerometerGraphViewController03.m */; };
		E9CCAF851A403FC300A6512B /* Accelerate.framework in Frameworks */ = {isa = PBXBuildFile; fileRef = E9CCAF841A403FC300A6512B /* Accelerate.framework */; };
		E9D3F3A219FFAD6E00EF97AB /* Accelero.m in Sources */ = {isa = PBXBuildFile; fileRef = E9D3F3A119FFAD6E00EF97AB /* Accelero.m */; };
		E9D3F3A519FFADB400EF97AB /* AccelerationRecords.m in Sources */ = {isa = PBXBuildFile; fileRef = E9D3F3A419FFADB400EF97AB /* AccelerationRecords.m */; };
		E9F53EDC1B0CBB7A0016D323 /* FFTGraphViewController.m in Sources */ = {isa = PBXBuildFile; fileRef = E9F53EDB1B0CBB7A0016D323 /* FFTGraphViewController.m */; };
/* End PBXBuildFile section */

/* Begin PBXContainerItemProxy section */
		79586E64204E7AAB009C8768 /* PBXContainerItemProxy */ = {
			isa = PBXContainerItemProxy;
			containerPortal = 798AF3E01F7C951C00B9A15E /* Pods.xcodeproj */;
			proxyType = 2;
			remoteGlobalIDString = 92CC203B4B6B2E54C521462C4D9F332D;
			remoteInfo = AVOSCloud;
		};
		79586E66204E7AAB009C8768 /* PBXContainerItemProxy */ = {
			isa = PBXContainerItemProxy;
			containerPortal = 798AF3E01F7C951C00B9A15E /* Pods.xcodeproj */;
			proxyType = 2;
			remoteGlobalIDString = A878EB74CCDC5A04C1F0BEE827B35A93;
			remoteInfo = AVOSCloudIM;
		};
		79586E68204E7AAB009C8768 /* PBXContainerItemProxy */ = {
			isa = PBXContainerItemProxy;
			containerPortal = 798AF3E01F7C951C00B9A15E /* Pods.xcodeproj */;
			proxyType = 2;
			remoteGlobalIDString = 3FD7E38CCC76D2539715FC3E3E9CAF21;
			remoteInfo = AVOSCloudLiveQuery;
		};
		798AF3E51F7C951C00B9A15E /* PBXContainerItemProxy */ = {
			isa = PBXContainerItemProxy;
			containerPortal = 798AF3E01F7C951C00B9A15E /* Pods.xcodeproj */;
			proxyType = 2;
			remoteGlobalIDString = 78F286F2A5440B5C18000E8858124BCF;
			remoteInfo = CorePlot;
		};
		798AF3E71F7C951C00B9A15E /* PBXContainerItemProxy */ = {
			isa = PBXContainerItemProxy;
			containerPortal = 798AF3E01F7C951C00B9A15E /* Pods.xcodeproj */;
			proxyType = 2;
			remoteGlobalIDString = 9608E6609573347F5F7744207A18E466;
			remoteInfo = "Pods-MotionGraphs";
		};
/* End PBXContainerItemProxy section */

/* Begin PBXFileReference section */
		2806993215FD47DC008A50C0 /* APLGyroGraphViewController.h */ = {isa = PBXFileReference; fileEncoding = 4; lastKnownFileType = sourcecode.c.h; path = APLGyroGraphViewController.h; sourceTree = "<group>"; };
		2806993315FD47DC008A50C0 /* APLGyroGraphViewController.m */ = {isa = PBXFileReference; fileEncoding = 4; lastKnownFileType = sourcecode.c.objc; path = APLGyroGraphViewController.m; sourceTree = "<group>"; };
		2852E51415FB1E3C0093D0E7 /* APLDeviceMotionGraphViewController.h */ = {isa = PBXFileReference; fileEncoding = 4; lastKnownFileType = sourcecode.c.h; path = APLDeviceMotionGraphViewController.h; sourceTree = "<group>"; };
		2852E51515FB1E3C0093D0E7 /* APLDeviceMotionGraphViewController.m */ = {isa = PBXFileReference; fileEncoding = 4; lastKnownFileType = sourcecode.c.objc; path = APLDeviceMotionGraphViewController.m; sourceTree = "<group>"; };
		28DDC9A515F858BB00570985 /* MotionGraphs.app */ = {isa = PBXFileReference; explicitFileType = wrapper.application; includeInIndex = 0; path = MotionGraphs.app; sourceTree = BUILT_PRODUCTS_DIR; };
		28DDC9A915F858BB00570985 /* UIKit.framework */ = {isa = PBXFileReference; lastKnownFileType = wrapper.framework; name = UIKit.framework; path = System/Library/Frameworks/UIKit.framework; sourceTree = SDKROOT; };
		28DDC9AB15F858BB00570985 /* Foundation.framework */ = {isa = PBXFileReference; lastKnownFileType = wrapper.framework; name = Foundation.framework; path = System/Library/Frameworks/Foundation.framework; sourceTree = SDKROOT; };
		28DDC9AD15F858BB00570985 /* CoreGraphics.framework */ = {isa = PBXFileReference; lastKnownFileType = wrapper.framework; name = CoreGraphics.framework; path = System/Library/Frameworks/CoreGraphics.framework; sourceTree = SDKROOT; };
		28DDC9B115F858BB00570985 /* MotionGraphs-Info.plist */ = {isa = PBXFileReference; lastKnownFileType = text.plist.xml; path = "MotionGraphs-Info.plist"; sourceTree = "<group>"; };
		28DDC9B315F858BB00570985 /* en */ = {isa = PBXFileReference; lastKnownFileType = text.plist.strings; name = en; path = en.lproj/InfoPlist.strings; sourceTree = "<group>"; };
		28DDC9B515F858BB00570985 /* main.m */ = {isa = PBXFileReference; lastKnownFileType = sourcecode.c.objc; path = main.m; sourceTree = "<group>"; };
		28DDC9B715F858BB00570985 /* MotionGraphs-Prefix.pch */ = {isa = PBXFileReference; lastKnownFileType = sourcecode.c.h; path = "MotionGraphs-Prefix.pch"; sourceTree = "<group>"; };
		28DDC9B815F858BB00570985 /* APLAppDelegate.h */ = {isa = PBXFileReference; lastKnownFileType = sourcecode.c.h; path = APLAppDelegate.h; sourceTree = "<group>"; };
		28DDC9B915F858BB00570985 /* APLAppDelegate.m */ = {isa = PBXFileReference; lastKnownFileType = sourcecode.c.objc; path = APLAppDelegate.m; sourceTree = "<group>"; };
		28DDC9BB15F858BB00570985 /* Default.png */ = {isa = PBXFileReference; lastKnownFileType = image.png; path = Default.png; sourceTree = "<group>"; };
		28DDC9BD15F858BB00570985 /* Default@2x.png */ = {isa = PBXFileReference; lastKnownFileType = image.png; path = "Default@2x.png"; sourceTree = "<group>"; };
		28DDC9BF15F858BB00570985 /* Default-568h@2x.png */ = {isa = PBXFileReference; lastKnownFileType = image.png; path = "Default-568h@2x.png"; sourceTree = "<group>"; };
		28DDC9CC15F859B000570985 /* APLGraphViewController.h */ = {isa = PBXFileReference; fileEncoding = 4; lastKnownFileType = sourcecode.c.h; path = APLGraphViewController.h; sourceTree = "<group>"; };
		28DDC9CD15F859B000570985 /* APLGraphViewController.m */ = {isa = PBXFileReference; fileEncoding = 4; lastKnownFileType = sourcecode.c.objc; path = APLGraphViewController.m; sourceTree = "<group>"; };
		28DDC9CE15F859B000570985 /* APLGraphView.h */ = {isa = PBXFileReference; fileEncoding = 4; lastKnownFileType = sourcecode.c.h; path = APLGraphView.h; sourceTree = "<group>"; };
		28DDC9CF15F859B000570985 /* APLGraphView.m */ = {isa = PBXFileReference; fileEncoding = 4; lastKnownFileType = sourcecode.c.objc; path = APLGraphView.m; sourceTree = "<group>"; };
		28DDCA0F15F85C5D00570985 /* CoreMotion.framework */ = {isa = PBXFileReference; lastKnownFileType = wrapper.framework; name = CoreMotion.framework; path = System/Library/Frameworks/CoreMotion.framework; sourceTree = SDKROOT; };
		28EB72E71605028C0094726B /* Base */ = {isa = PBXFileReference; lastKnownFileType = file.storyboard; name = Base; path = Base.lproj/MotionGraphsStoryboard.storyboard; sourceTree = "<group>"; };
		28EB72EB160506340094726B /* en */ = {isa = PBXFileReference; lastKnownFileType = text.plist.strings; name = en; path = en.lproj/Localizable.strings; sourceTree = "<group>"; };
		393390F6C1037BE3D355E617 /* Pods-MotionGraphs.debug.xcconfig */ = {isa = PBXFileReference; includeInIndex = 1; lastKnownFileType = text.xcconfig; name = "Pods-MotionGraphs.debug.xcconfig"; path = "Pods/Target Support Files/Pods-MotionGraphs/Pods-MotionGraphs.debug.xcconfig"; sourceTree = "<group>"; };
		65965E3181BD3DF477075657 /* libPods-MotionGraphs.a */ = {isa = PBXFileReference; explicitFileType = archive.ar; includeInIndex = 0; path = "libPods-MotionGraphs.a"; sourceTree = BUILT_PRODUCTS_DIR; };
		792678B21EC22F0700487AEE /* APLSAMath.h */ = {isa = PBXFileReference; fileEncoding = 4; lastKnownFileType = sourcecode.c.h; path = APLSAMath.h; sourceTree = "<group>"; };
		792678B31EC22F0800487AEE /* APLSAMath.m */ = {isa = PBXFileReference; fileEncoding = 4; lastKnownFileType = sourcecode.c.objc; path = APLSAMath.m; sourceTree = "<group>"; };
		792678B41EC22F0800487AEE /* APLSAMultisectorControl.h */ = {isa = PBXFileReference; fileEncoding = 4; lastKnownFileType = sourcecode.c.h; path = APLSAMultisectorControl.h; sourceTree = "<group>"; };
		792678B51EC22F0800487AEE /* APLSAMultisectorControl.m */ = {isa = PBXFileReference; fileEncoding = 4; lastKnownFileType = sourcecode.c.objc; path = APLSAMultisectorControl.m; sourceTree = "<group>"; };
		79280B941EED3ED3003F9310 /* CloudKit.framework */ = {isa = PBXFileReference; lastKnownFileType = wrapper.framework; name = CloudKit.framework; path = System/Library/Frameworks/CloudKit.framework; sourceTree = SDKROOT; };
		792BAB0A1EF38DBA00899FD7 /* QuartzCore.framework */ = {isa = PBXFileReference; lastKnownFileType = wrapper.framework; name = QuartzCore.framework; path = System/Library/Frameworks/QuartzCore.framework; sourceTree = SDKROOT; };
		792BAB0C1EF38DC400899FD7 /* Security.framework */ = {isa = PBXFileReference; lastKnownFileType = wrapper.framework; name = Security.framework; path = System/Library/Frameworks/Security.framework; sourceTree = SDKROOT; };
		795746711ED4323F0087E0B8 /* SandboxDetailViewController.h */ = {isa = PBXFileReference; fileEncoding = 4; lastKnownFileType = sourcecode.c.h; path = SandboxDetailViewController.h; sourceTree = "<group>"; };
		795746721ED4323F0087E0B8 /* SandboxDetailViewController.m */ = {isa = PBXFileReference; fileEncoding = 4; lastKnownFileType = sourcecode.c.objc; path = SandboxDetailViewController.m; sourceTree = "<group>"; };
		798AF3E01F7C951C00B9A15E /* Pods.xcodeproj */ = {isa = PBXFileReference; lastKnownFileType = "wrapper.pb-project"; name = Pods.xcodeproj; path = Pods/Pods.xcodeproj; sourceTree = "<group>"; };
		799CC8F21EBDF86600BDE076 /* APLViralSwitch.h */ = {isa = PBXFileReference; fileEncoding = 4; lastKnownFileType = sourcecode.c.h; path = APLViralSwitch.h; sourceTree = "<group>"; };
		799CC8F31EBDF86600BDE076 /* APLViralSwitch.m */ = {isa = PBXFileReference; fileEncoding = 4; lastKnownFileType = sourcecode.c.objc; path = APLViralSwitch.m; sourceTree = "<group>"; };
		799CC9041EBF6CF200BDE076 /* 华文仿宋.ttf */ = {isa = PBXFileReference; lastKnownFileType = file; path = "华文仿宋.ttf"; sourceTree = "<group>"; };
		799CC9061EC2226F00BDE076 /* APLPulsingHaloLayer.h */ = {isa = PBXFileReference; fileEncoding = 4; lastKnownFileType = sourcecode.c.h; path = APLPulsingHaloLayer.h; sourceTree = "<group>"; };
		799CC9071EC2226F00BDE076 /* APLPulsingHaloLayer.m */ = {isa = PBXFileReference; fileEncoding = 4; lastKnownFileType = sourcecode.c.objc; path = APLPulsingHaloLayer.m; sourceTree = "<group>"; };
		799FAA271EED316B00C6DE82 /* APLDocument.h */ = {isa = PBXFileReference; fileEncoding = 4; lastKnownFileType = sourcecode.c.h; path = APLDocument.h; sourceTree = "<group>"; };
		799FAA281EED316B00C6DE82 /* APLDocument.m */ = {isa = PBXFileReference; fileEncoding = 4; lastKnownFileType = sourcecode.c.objc; path = APLDocument.m; sourceTree = "<group>"; };
		79A084301EFB9C0E00B6488B /* Base */ = {isa = PBXFileReference; lastKnownFileType = text.plist.strings; name = Base; path = Base.lproj/Localizable.strings; sourceTree = "<group>"; };
		79A0843D1EFB9C5A00B6488B /* ja */ = {isa = PBXFileReference; lastKnownFileType = text.plist.strings; name = ja; path = ja.lproj/MotionGraphsStoryboard.strings; sourceTree = "<group>"; };
		79A0843F1EFB9C5A00B6488B /* ja */ = {isa = PBXFileReference; lastKnownFileType = text.plist.strings; name = ja; path = ja.lproj/InfoPlist.strings; sourceTree = "<group>"; };
		79A084401EFB9C5A00B6488B /* ja */ = {isa = PBXFileReference; lastKnownFileType = text.plist.strings; name = ja; path = ja.lproj/Localizable.strings; sourceTree = "<group>"; };
		79A084411EFCA48F00B6488B /* APLWGS84TOGCJ02.h */ = {isa = PBXFileReference; fileEncoding = 4; lastKnownFileType = sourcecode.c.h; path = APLWGS84TOGCJ02.h; sourceTree = "<group>"; };
		79A084421EFCA48F00B6488B /* APLWGS84TOGCJ02.m */ = {isa = PBXFileReference; fileEncoding = 4; lastKnownFileType = sourcecode.c.objc; path = APLWGS84TOGCJ02.m; sourceTree = "<group>"; };
		79B17AC81F71521D00AD73B2 /* APLCloudFile.h */ = {isa = PBXFileReference; fileEncoding = 4; lastKnownFileType = sourcecode.c.h; path = APLCloudFile.h; sourceTree = "<group>"; };
		79B17AC91F71521D00AD73B2 /* APLCloudFile.m */ = {isa = PBXFileReference; fileEncoding = 4; lastKnownFileType = sourcecode.c.objc; path = APLCloudFile.m; sourceTree = "<group>"; };
		79BB573B1ED592AE00A07BAF /* APLSegmentedControl.h */ = {isa = PBXFileReference; fileEncoding = 4; lastKnownFileType = sourcecode.c.h; path = APLSegmentedControl.h; sourceTree = "<group>"; };
		79BB573C1ED592AE00A07BAF /* APLSegmentedControl.m */ = {isa = PBXFileReference; fileEncoding = 4; lastKnownFileType = sourcecode.c.objc; path = APLSegmentedControl.m; sourceTree = "<group>"; };
		79C04AC21EF91794004933EE /* zh-Hans */ = {isa = PBXFileReference; lastKnownFileType = text.plist.strings; name = "zh-Hans"; path = "zh-Hans.lproj/MotionGraphsStoryboard.strings"; sourceTree = "<group>"; };
		79C04AC41EF91794004933EE /* zh-Hans */ = {isa = PBXFileReference; lastKnownFileType = text.plist.strings; name = "zh-Hans"; path = "zh-Hans.lproj/InfoPlist.strings"; sourceTree = "<group>"; };
		79C04AC51EF91794004933EE /* zh-Hans */ = {isa = PBXFileReference; lastKnownFileType = text.plist.strings; name = "zh-Hans"; path = "zh-Hans.lproj/Localizable.strings"; sourceTree = "<group>"; };
		79DA9CD81F0CA9EC0007C632 /* APLManagedDocument.h */ = {isa = PBXFileReference; fileEncoding = 4; lastKnownFileType = sourcecode.c.h; path = APLManagedDocument.h; sourceTree = "<group>"; };
		79DA9CD91F0CA9EC0007C632 /* APLManagedDocument.m */ = {isa = PBXFileReference; fileEncoding = 4; lastKnownFileType = sourcecode.c.objc; path = APLManagedDocument.m; sourceTree = "<group>"; };
		79DEEF311ECAC7D500BA991B /* APLWaveformView.h */ = {isa = PBXFileReference; fileEncoding = 4; lastKnownFileType = sourcecode.c.h; path = APLWaveformView.h; sourceTree = "<group>"; };
		79DEEF321ECAC7D500BA991B /* APLWaveformView.m */ = {isa = PBXFileReference; fileEncoding = 4; lastKnownFileType = sourcecode.c.objc; path = APLWaveformView.m; sourceTree = "<group>"; };
		BC90355A1D3E8BE50039E5C1 /* DropboxDeviceRecordDataYearViewController.h */ = {isa = PBXFileReference; fileEncoding = 4; lastKnownFileType = sourcecode.c.h; path = DropboxDeviceRecordDataYearViewController.h; sourceTree = "<group>"; };
		BC90355B1D3E8BE50039E5C1 /* DropboxDeviceRecordDataYearViewController.m */ = {isa = PBXFileReference; fileEncoding = 4; lastKnownFileType = sourcecode.c.objc; path = DropboxDeviceRecordDataYearViewController.m; sourceTree = "<group>"; };
		BC90355D1D3E8C040039E5C1 /* DropboxDeviceRecordDataMonthViewController.h */ = {isa = PBXFileReference; fileEncoding = 4; lastKnownFileType = sourcecode.c.h; path = DropboxDeviceRecordDataMonthViewController.h; sourceTree = "<group>"; };
		BC90355E1D3E8C040039E5C1 /* DropboxDeviceRecordDataMonthViewController.m */ = {isa = PBXFileReference; fileEncoding = 4; lastKnownFileType = sourcecode.c.objc; path = DropboxDeviceRecordDataMonthViewController.m; sourceTree = "<group>"; };
		BC9035601D3E8C380039E5C1 /* DropboxDeviceRecordDataDayViewController.h */ = {isa = PBXFileReference; fileEncoding = 4; lastKnownFileType = sourcecode.c.h; path = DropboxDeviceRecordDataDayViewController.h; sourceTree = "<group>"; };
		BC9035611D3E8C380039E5C1 /* DropboxDeviceRecordDataDayViewController.m */ = {isa = PBXFileReference; fileEncoding = 4; lastKnownFileType = sourcecode.c.objc; path = DropboxDeviceRecordDataDayViewController.m; sourceTree = "<group>"; };
		E91DB3031B4F5AEE00885F90 /* AccGraphViewController.h */ = {isa = PBXFileReference; fileEncoding = 4; lastKnownFileType = sourcecode.c.h; path = AccGraphViewController.h; sourceTree = "<group>"; };
		E91DB3041B4F5AEE00885F90 /* AccGraphViewController.m */ = {isa = PBXFileReference; fileEncoding = 4; lastKnownFileType = sourcecode.c.objc; path = AccGraphViewController.m; sourceTree = "<group>"; };
		E92591511AE9DCEF004BC2E3 /* BufferRecords.h */ = {isa = PBXFileReference; fileEncoding = 4; lastKnownFileType = sourcecode.c.h; path = BufferRecords.h; sourceTree = "<group>"; };
		E92591521AE9DCEF004BC2E3 /* BufferRecords.m */ = {isa = PBXFileReference; fileEncoding = 4; lastKnownFileType = sourcecode.c.objc; path = BufferRecords.m; sourceTree = "<group>"; };
		E92591541AE9EA7D004BC2E3 /* SeismicRecords.h */ = {isa = PBXFileReference; fileEncoding = 4; lastKnownFileType = sourcecode.c.h; path = SeismicRecords.h; sourceTree = "<group>"; };
		E92591551AE9EA7D004BC2E3 /* SeismicRecords.m */ = {isa = PBXFileReference; fileEncoding = 4; lastKnownFileType = sourcecode.c.objc; path = SeismicRecords.m; sourceTree = "<group>"; };
		E932C5711CD9F82200582292 /* RecordSettingViewController.h */ = {isa = PBXFileReference; fileEncoding = 4; lastKnownFileType = sourcecode.c.h; path = RecordSettingViewController.h; sourceTree = "<group>"; };
		E932C5721CD9F82200582292 /* RecordSettingViewController.m */ = {isa = PBXFileReference; fileEncoding = 4; lastKnownFileType = sourcecode.c.objc; path = RecordSettingViewController.m; sourceTree = "<group>"; };
		E94011421E557BB9001F990B /* AVKit.framework */ = {isa = PBXFileReference; lastKnownFileType = wrapper.framework; name = AVKit.framework; path = System/Library/Frameworks/AVKit.framework; sourceTree = SDKROOT; };
		E941C5131A14825800BEC0A9 /* AppSandboxViewController.h */ = {isa = PBXFileReference; fileEncoding = 4; lastKnownFileType = sourcecode.c.h; path = AppSandboxViewController.h; sourceTree = "<group>"; };
		E941C5141A14825800BEC0A9 /* AppSandboxViewController.m */ = {isa = PBXFileReference; fileEncoding = 4; lastKnownFileType = sourcecode.c.objc; path = AppSandboxViewController.m; sourceTree = "<group>"; };
		E941C5161A14884C00BEC0A9 /* AppSandboxDetailViewController.h */ = {isa = PBXFileReference; fileEncoding = 4; lastKnownFileType = sourcecode.c.h; path = AppSandboxDetailViewController.h; sourceTree = "<group>"; };
		E941C5171A14884C00BEC0A9 /* AppSandboxDetailViewController.m */ = {isa = PBXFileReference; fileEncoding = 4; lastKnownFileType = sourcecode.c.objc; path = AppSandboxDetailViewController.m; sourceTree = "<group>"; };
		E96A70391CBE67A800EC12BF /* MapViewController.h */ = {isa = PBXFileReference; fileEncoding = 4; lastKnownFileType = sourcecode.c.h; path = MapViewController.h; sourceTree = "<group>"; };
		E96A703A1CBE67A800EC12BF /* MapViewController.m */ = {isa = PBXFileReference; fileEncoding = 4; lastKnownFileType = sourcecode.c.objc; path = MapViewController.m; sourceTree = "<group>"; };
		E96A703C1CBE689F00EC12BF /* MapKit.framework */ = {isa = PBXFileReference; lastKnownFileType = wrapper.framework; name = MapKit.framework; path = System/Library/Frameworks/MapKit.framework; sourceTree = SDKROOT; };
		E96CE27B19F22D1D00F78D5B /* SystemConfiguration.framework */ = {isa = PBXFileReference; lastKnownFileType = wrapper.framework; name = SystemConfiguration.framework; path = System/Library/Frameworks/SystemConfiguration.framework; sourceTree = SDKROOT; };
		E97212461CB24E6A00A338F0 /* RotationGraphViewController.h */ = {isa = PBXFileReference; fileEncoding = 4; lastKnownFileType = sourcecode.c.h; path = RotationGraphViewController.h; sourceTree = "<group>"; };
		E97212471CB24E6A00A338F0 /* RotationGraphViewController.m */ = {isa = PBXFileReference; fileEncoding = 4; lastKnownFileType = sourcecode.c.objc; path = RotationGraphViewController.m; sourceTree = "<group>"; };
		E97212491CB37B2600A338F0 /* DropboxViewController.h */ = {isa = PBXFileReference; fileEncoding = 4; lastKnownFileType = sourcecode.c.h; path = DropboxViewController.h; sourceTree = "<group>"; };
		E972124A1CB37B2600A338F0 /* DropboxViewController.m */ = {isa = PBXFileReference; fileEncoding = 4; lastKnownFileType = sourcecode.c.objc; path = DropboxViewController.m; sourceTree = "<group>"; };
		E972124C1CB3920000A338F0 /* DropboxDeivceListViewController.h */ = {isa = PBXFileReference; fileEncoding = 4; lastKnownFileType = sourcecode.c.h; path = DropboxDeivceListViewController.h; sourceTree = "<group>"; };
		E972124D1CB3920000A338F0 /* DropboxDeviceListViewController.m */ = {isa = PBXFileReference; fileEncoding = 4; lastKnownFileType = sourcecode.c.objc; path = DropboxDeviceListViewController.m; sourceTree = "<group>"; };
		E972125E1CB3F42200A338F0 /* DropboxDeviceRecordDataViewController.h */ = {isa = PBXFileReference; fileEncoding = 4; lastKnownFileType = sourcecode.c.h; path = DropboxDeviceRecordDataViewController.h; sourceTree = "<group>"; };
		E972125F1CB3F44F00A338F0 /* DropboxDeviceRecordDataViewController.m */ = {isa = PBXFileReference; fileEncoding = 4; lastKnownFileType = sourcecode.c.objc; path = DropboxDeviceRecordDataViewController.m; sourceTree = "<group>"; };
		E97247EE19D2E8270050A8BB /* MessageUI.framework */ = {isa = PBXFileReference; lastKnownFileType = wrapper.framework; name = MessageUI.framework; path = System/Library/Frameworks/MessageUI.framework; sourceTree = SDKROOT; };
		E97247F219D57D810050A8BB /* MotionGraphs.entitlements */ = {isa = PBXFileReference; lastKnownFileType = text.xml; path = MotionGraphs.entitlements; sourceTree = "<group>"; };
		E99D41461B42A2770073563C /* Media.xcassets */ = {isa = PBXFileReference; lastKnownFileType = folder.assetcatalog; name = Media.xcassets; path = ../Media.xcassets; sourceTree = "<group>"; };
		E99DB1EB19F68A450010DEEB /* CoreLocation.framework */ = {isa = PBXFileReference; lastKnownFileType = wrapper.framework; name = CoreLocation.framework; path = System/Library/Frameworks/CoreLocation.framework; sourceTree = SDKROOT; };
		E9CCAF811A3F173B00A6512B /* APLAccelerometerGraphViewController03.h */ = {isa = PBXFileReference; fileEncoding = 4; lastKnownFileType = sourcecode.c.h; path = APLAccelerometerGraphViewController03.h; sourceTree = "<group>"; };
		E9CCAF821A3F173B00A6512B /* APLAccelerometerGraphViewController03.m */ = {isa = PBXFileReference; fileEncoding = 4; lastKnownFileType = sourcecode.c.objc; path = APLAccelerometerGraphViewController03.m; sourceTree = "<group>"; };
		E9CCAF841A403FC300A6512B /* Accelerate.framework */ = {isa = PBXFileReference; lastKnownFileType = wrapper.framework; name = Accelerate.framework; path = System/Library/Frameworks/Accelerate.framework; sourceTree = SDKROOT; };
		E9D3F3A019FFAD6E00EF97AB /* Accelero.h */ = {isa = PBXFileReference; fileEncoding = 4; lastKnownFileType = sourcecode.c.h; path = Accelero.h; sourceTree = "<group>"; };
		E9D3F3A119FFAD6E00EF97AB /* Accelero.m */ = {isa = PBXFileReference; fileEncoding = 4; lastKnownFileType = sourcecode.c.objc; path = Accelero.m; sourceTree = "<group>"; };
		E9D3F3A319FFADB400EF97AB /* AccelerationRecords.h */ = {isa = PBXFileReference; fileEncoding = 4; lastKnownFileType = sourcecode.c.h; path = AccelerationRecords.h; sourceTree = "<group>"; };
		E9D3F3A419FFADB400EF97AB /* AccelerationRecords.m */ = {isa = PBXFileReference; fileEncoding = 4; lastKnownFileType = sourcecode.c.objc; path = AccelerationRecords.m; sourceTree = "<group>"; };
		E9ED03C41A46F6E8006764D0 /* AVFoundation.framework */ = {isa = PBXFileReference; lastKnownFileType = wrapper.framework; name = AVFoundation.framework; path = System/Library/Frameworks/AVFoundation.framework; sourceTree = SDKROOT; };
		E9F53EDA1B0CBB7A0016D323 /* FFTGraphViewController.h */ = {isa = PBXFileReference; fileEncoding = 4; lastKnownFileType = sourcecode.c.h; path = FFTGraphViewController.h; sourceTree = "<group>"; };
		E9F53EDB1B0CBB7A0016D323 /* FFTGraphViewController.m */ = {isa = PBXFileReference; fileEncoding = 4; lastKnownFileType = sourcecode.c.objc; path = FFTGraphViewController.m; sourceTree = "<group>"; };
		FC1C3AF44067B587369D1087 /* Pods-MotionGraphs.release.xcconfig */ = {isa = PBXFileReference; includeInIndex = 1; lastKnownFileType = text.xcconfig; name = "Pods-MotionGraphs.release.xcconfig"; path = "Pods/Target Support Files/Pods-MotionGraphs/Pods-MotionGraphs.release.xcconfig"; sourceTree = "<group>"; };
/* End PBXFileReference section */

/* Begin PBXFrameworksBuildPhase section */
		28DDC9A215F858BB00570985 /* Frameworks */ = {
			isa = PBXFrameworksBuildPhase;
			buildActionMask = 2147483647;
			files = (
				792BAB0D1EF38DC400899FD7 /* Security.framework in Frameworks */,
				792BAB0B1EF38DBA00899FD7 /* QuartzCore.framework in Frameworks */,
				798FC9AB1ECAD37500B13C9A /* AVFoundation.framework in Frameworks */,
				28DDC9AC15F858BB00570985 /* Foundation.framework in Frameworks */,
				79280B951EED3ED3003F9310 /* CloudKit.framework in Frameworks */,
				E96A703D1CBE689F00EC12BF /* MapKit.framework in Frameworks */,
				28DDC9AA15F858BB00570985 /* UIKit.framework in Frameworks */,
				E9CCAF851A403FC300A6512B /* Accelerate.framework in Frameworks */,
				E99DB1EC19F68A450010DEEB /* CoreLocation.framework in Frameworks */,
				E96CE27C19F22D1D00F78D5B /* SystemConfiguration.framework in Frameworks */,
				E97247EF19D2E8270050A8BB /* MessageUI.framework in Frameworks */,
				28DDC9AE15F858BB00570985 /* CoreGraphics.framework in Frameworks */,
				28DDCA1015F85C5D00570985 /* CoreMotion.framework in Frameworks */,
				2E930015A8874BA054AA1C91 /* libPods-MotionGraphs.a in Frameworks */,
			);
			runOnlyForDeploymentPostprocessing = 0;
		};
/* End PBXFrameworksBuildPhase section */

/* Begin PBXGroup section */
		135EAA0621526C81DF252526 /* Pods */ = {
			isa = PBXGroup;
			children = (
				393390F6C1037BE3D355E617 /* Pods-MotionGraphs.debug.xcconfig */,
				FC1C3AF44067B587369D1087 /* Pods-MotionGraphs.release.xcconfig */,
			);
			name = Pods;
			sourceTree = "<group>";
		};
		28DDC99A15F858BB00570985 = {
			isa = PBXGroup;
			children = (
				798AF3E01F7C951C00B9A15E /* Pods.xcodeproj */,
				799CC9011EBF6CF200BDE076 /* Resouce */,
				28DDC9AF15F858BB00570985 /* MotionGraphs */,
				28DDC9A815F858BB00570985 /* Frameworks */,
				28DDC9A615F858BB00570985 /* Products */,
				135EAA0621526C81DF252526 /* Pods */,
			);
			sourceTree = "<group>";
		};
		28DDC9A615F858BB00570985 /* Products */ = {
			isa = PBXGroup;
			children = (
				28DDC9A515F858BB00570985 /* MotionGraphs.app */,
			);
			name = Products;
			sourceTree = "<group>";
		};
		28DDC9A815F858BB00570985 /* Frameworks */ = {
			isa = PBXGroup;
			children = (
				792BAB0C1EF38DC400899FD7 /* Security.framework */,
				792BAB0A1EF38DBA00899FD7 /* QuartzCore.framework */,
				79280B941EED3ED3003F9310 /* CloudKit.framework */,
				E94011421E557BB9001F990B /* AVKit.framework */,
				E96A703C1CBE689F00EC12BF /* MapKit.framework */,
				E9ED03C41A46F6E8006764D0 /* AVFoundation.framework */,
				E9CCAF841A403FC300A6512B /* Accelerate.framework */,
				E99DB1EB19F68A450010DEEB /* CoreLocation.framework */,
				E96CE27B19F22D1D00F78D5B /* SystemConfiguration.framework */,
				E97247EE19D2E8270050A8BB /* MessageUI.framework */,
				28DDCA0F15F85C5D00570985 /* CoreMotion.framework */,
				28DDC9A915F858BB00570985 /* UIKit.framework */,
				28DDC9AB15F858BB00570985 /* Foundation.framework */,
				28DDC9AD15F858BB00570985 /* CoreGraphics.framework */,
				65965E3181BD3DF477075657 /* libPods-MotionGraphs.a */,
			);
			name = Frameworks;
			sourceTree = "<group>";
		};
		28DDC9AF15F858BB00570985 /* MotionGraphs */ = {
			isa = PBXGroup;
			children = (
				28DDC9C115F858BB00570985 /* MotionGraphsStoryboard.storyboard */,
				E97247F219D57D810050A8BB /* MotionGraphs.entitlements */,
				E9D3F3A619FFADBF00EF97AB /* Models */,
				79097C351F68B36E0094F529 /* ViewModel */,
				E9D7D21719EA7E43007C96A9 /* View */,
				E9D7D21919EA7E72007C96A9 /* otherDevices */,
				E9D7D21819EA7E51007C96A9 /* Controller */,
				28DDC9B015F858BB00570985 /* Supporting Files */,
			);
			path = MotionGraphs;
			sourceTree = "<group>";
		};
		28DDC9B015F858BB00570985 /* Supporting Files */ = {
			isa = PBXGroup;
			children = (
				28DDC9B815F858BB00570985 /* APLAppDelegate.h */,
				28DDC9B915F858BB00570985 /* APLAppDelegate.m */,
				28DDC9B115F858BB00570985 /* MotionGraphs-Info.plist */,
				E99D41461B42A2770073563C /* Media.xcassets */,
				28DDC9B215F858BB00570985 /* InfoPlist.strings */,
				28EB72EC160506340094726B /* Localizable.strings */,
				28DDC9B515F858BB00570985 /* main.m */,
				28DDC9B715F858BB00570985 /* MotionGraphs-Prefix.pch */,
				28DDC9BB15F858BB00570985 /* Default.png */,
				28DDC9BD15F858BB00570985 /* Default@2x.png */,
				28DDC9BF15F858BB00570985 /* Default-568h@2x.png */,
			);
			name = "Supporting Files";
			sourceTree = "<group>";
		};
		79097C351F68B36E0094F529 /* ViewModel */ = {
			isa = PBXGroup;
			children = (
			);
			name = ViewModel;
			sourceTree = "<group>";
		};
		798AF3E11F7C951C00B9A15E /* Products */ = {
			isa = PBXGroup;
			children = (
				79586E65204E7AAB009C8768 /* libAVOSCloud.a */,
				79586E67204E7AAB009C8768 /* libAVOSCloudIM.a */,
				79586E69204E7AAB009C8768 /* libAVOSCloudLiveQuery.a */,
				798AF3E61F7C951C00B9A15E /* libCorePlot.a */,
				798AF3E81F7C951C00B9A15E /* libPods-MotionGraphs.a */,
			);
			name = Products;
			sourceTree = "<group>";
		};
		799CC9011EBF6CF200BDE076 /* Resouce */ = {
			isa = PBXGroup;
			children = (
				799CC9021EBF6CF200BDE076 /* APLFonts */,
			);
			path = Resouce;
			sourceTree = "<group>";
		};
		799CC9021EBF6CF200BDE076 /* APLFonts */ = {
			isa = PBXGroup;
			children = (
				799CC9031EBF6CF200BDE076 /* STFangsong */,
			);
			path = APLFonts;
			sourceTree = "<group>";
		};
		799CC9031EBF6CF200BDE076 /* STFangsong */ = {
			isa = PBXGroup;
			children = (
				799CC9041EBF6CF200BDE076 /* 华文仿宋.ttf */,
			);
			path = STFangsong;
			sourceTree = "<group>";
		};
		E932C5741CD9F83400582292 /* Record Setting View Controller */ = {
			isa = PBXGroup;
			children = (
				E932C5711CD9F82200582292 /* RecordSettingViewController.h */,
				E932C5721CD9F82200582292 /* RecordSettingViewController.m */,
			);
			name = "Record Setting View Controller";
			sourceTree = "<group>";
		};
		E97212521CB3922C00A338F0 /* Dropbox View Controller */ = {
			isa = PBXGroup;
			children = (
				E97212491CB37B2600A338F0 /* DropboxViewController.h */,
				E972124A1CB37B2600A338F0 /* DropboxViewController.m */,
				E972124C1CB3920000A338F0 /* DropboxDeivceListViewController.h */,
				E972124D1CB3920000A338F0 /* DropboxDeviceListViewController.m */,
				BC90355A1D3E8BE50039E5C1 /* DropboxDeviceRecordDataYearViewController.h */,
				BC90355B1D3E8BE50039E5C1 /* DropboxDeviceRecordDataYearViewController.m */,
				BC90355D1D3E8C040039E5C1 /* DropboxDeviceRecordDataMonthViewController.h */,
				BC90355E1D3E8C040039E5C1 /* DropboxDeviceRecordDataMonthViewController.m */,
				BC9035601D3E8C380039E5C1 /* DropboxDeviceRecordDataDayViewController.h */,
				BC9035611D3E8C380039E5C1 /* DropboxDeviceRecordDataDayViewController.m */,
				E972125E1CB3F42200A338F0 /* DropboxDeviceRecordDataViewController.h */,
				E972125F1CB3F44F00A338F0 /* DropboxDeviceRecordDataViewController.m */,
			);
			name = "Dropbox View Controller";
			sourceTree = "<group>";
		};
		E97212531CB3924200A338F0 /* App Sandbox View Controller */ = {
			isa = PBXGroup;
			children = (
				E941C5161A14884C00BEC0A9 /* AppSandboxDetailViewController.h */,
				E941C5171A14884C00BEC0A9 /* AppSandboxDetailViewController.m */,
				E941C5131A14825800BEC0A9 /* AppSandboxViewController.h */,
				E941C5141A14825800BEC0A9 /* AppSandboxViewController.m */,
				795746711ED4323F0087E0B8 /* SandboxDetailViewController.h */,
				795746721ED4323F0087E0B8 /* SandboxDetailViewController.m */,
			);
			name = "App Sandbox View Controller";
			sourceTree = "<group>";
		};
		E97212541CB3925600A338F0 /* Graph View Controller */ = {
			isa = PBXGroup;
			children = (
				E96A70391CBE67A800EC12BF /* MapViewController.h */,
				E96A703A1CBE67A800EC12BF /* MapViewController.m */,
				28DDC9CC15F859B000570985 /* APLGraphViewController.h */,
				28DDC9CD15F859B000570985 /* APLGraphViewController.m */,
				E9F53EDA1B0CBB7A0016D323 /* FFTGraphViewController.h */,
				E9F53EDB1B0CBB7A0016D323 /* FFTGraphViewController.m */,
				E91DB3031B4F5AEE00885F90 /* AccGraphViewController.h */,
				E91DB3041B4F5AEE00885F90 /* AccGraphViewController.m */,
				E97212461CB24E6A00A338F0 /* RotationGraphViewController.h */,
				E97212471CB24E6A00A338F0 /* RotationGraphViewController.m */,
			);
			name = "Graph View Controller";
			sourceTree = "<group>";
		};
		E97212551CB3927000A338F0 /* Main View Controller */ = {
			isa = PBXGroup;
			children = (
				E9CCAF811A3F173B00A6512B /* APLAccelerometerGraphViewController03.h */,
				E9CCAF821A3F173B00A6512B /* APLAccelerometerGraphViewController03.m */,
			);
			name = "Main View Controller";
			sourceTree = "<group>";
		};
		E9D3F3A619FFADBF00EF97AB /* Models */ = {
			isa = PBXGroup;
			children = (
				E9D3F3A019FFAD6E00EF97AB /* Accelero.h */,
				E9D3F3A119FFAD6E00EF97AB /* Accelero.m */,
				E9D3F3A319FFADB400EF97AB /* AccelerationRecords.h */,
				E9D3F3A419FFADB400EF97AB /* AccelerationRecords.m */,
				79A084411EFCA48F00B6488B /* APLWGS84TOGCJ02.h */,
				79A084421EFCA48F00B6488B /* APLWGS84TOGCJ02.m */,
				E92591511AE9DCEF004BC2E3 /* BufferRecords.h */,
				E92591521AE9DCEF004BC2E3 /* BufferRecords.m */,
				E92591541AE9EA7D004BC2E3 /* SeismicRecords.h */,
				E92591551AE9EA7D004BC2E3 /* SeismicRecords.m */,
				79B17AC81F71521D00AD73B2 /* APLCloudFile.h */,
				79B17AC91F71521D00AD73B2 /* APLCloudFile.m */,
				799FAA271EED316B00C6DE82 /* APLDocument.h */,
				799FAA281EED316B00C6DE82 /* APLDocument.m */,
				79DA9CD81F0CA9EC0007C632 /* APLManagedDocument.h */,
				79DA9CD91F0CA9EC0007C632 /* APLManagedDocument.m */,
			);
			name = Models;
			sourceTree = "<group>";
		};
		E9D7D21719EA7E43007C96A9 /* View */ = {
			isa = PBXGroup;
			children = (
				799CC8F21EBDF86600BDE076 /* APLViralSwitch.h */,
				799CC8F31EBDF86600BDE076 /* APLViralSwitch.m */,
				28DDC9CE15F859B000570985 /* APLGraphView.h */,
				28DDC9CF15F859B000570985 /* APLGraphView.m */,
				799CC9061EC2226F00BDE076 /* APLPulsingHaloLayer.h */,
				799CC9071EC2226F00BDE076 /* APLPulsingHaloLayer.m */,
				792678B21EC22F0700487AEE /* APLSAMath.h */,
				792678B31EC22F0800487AEE /* APLSAMath.m */,
				792678B41EC22F0800487AEE /* APLSAMultisectorControl.h */,
				792678B51EC22F0800487AEE /* APLSAMultisectorControl.m */,
				79DEEF311ECAC7D500BA991B /* APLWaveformView.h */,
				79DEEF321ECAC7D500BA991B /* APLWaveformView.m */,
				79BB573B1ED592AE00A07BAF /* APLSegmentedControl.h */,
				79BB573C1ED592AE00A07BAF /* APLSegmentedControl.m */,
			);
			name = View;
			sourceTree = "<group>";
		};
		E9D7D21819EA7E51007C96A9 /* Controller */ = {
			isa = PBXGroup;
			children = (
				E932C5741CD9F83400582292 /* Record Setting View Controller */,
				E97212551CB3927000A338F0 /* Main View Controller */,
				E97212531CB3924200A338F0 /* App Sandbox View Controller */,
				E97212521CB3922C00A338F0 /* Dropbox View Controller */,
				E97212541CB3925600A338F0 /* Graph View Controller */,
			);
			name = Controller;
			sourceTree = "<group>";
		};
		E9D7D21919EA7E72007C96A9 /* otherDevices */ = {
			isa = PBXGroup;
			children = (
				2852E51415FB1E3C0093D0E7 /* APLDeviceMotionGraphViewController.h */,
				2852E51515FB1E3C0093D0E7 /* APLDeviceMotionGraphViewController.m */,
				2806993215FD47DC008A50C0 /* APLGyroGraphViewController.h */,
				2806993315FD47DC008A50C0 /* APLGyroGraphViewController.m */,
			);
			name = otherDevices;
			sourceTree = "<group>";
		};
/* End PBXGroup section */

/* Begin PBXNativeTarget section */
		28DDC9A415F858BB00570985 /* MotionGraphs */ = {
			isa = PBXNativeTarget;
			buildConfigurationList = 28DDC9C915F858BB00570985 /* Build configuration list for PBXNativeTarget "MotionGraphs" */;
			buildPhases = (
				0AB1A5B654B7449567CFE849 /* [CP] Check Pods Manifest.lock */,
				28DDC9A115F858BB00570985 /* Sources */,
				28DDC9A215F858BB00570985 /* Frameworks */,
				28DDC9A315F858BB00570985 /* Resources */,
				6320A397C91A980A771F9159 /* [CP] Copy Pods Resources */,
			);
			buildRules = (
			);
			dependencies = (
			);
			name = MotionGraphs;
			productName = MotionGraphs;
			productReference = 28DDC9A515F858BB00570985 /* MotionGraphs.app */;
			productType = "com.apple.product-type.application";
		};
/* End PBXNativeTarget section */

/* Begin PBXProject section */
		28DDC99C15F858BB00570985 /* Project object */ = {
			isa = PBXProject;
			attributes = {
				CLASSPREFIX = APL;
				LastUpgradeCheck = 0900;
				TargetAttributes = {
					28DDC9A415F858BB00570985 = {
						ProvisioningStyle = Automatic;
						SystemCapabilities = {
							com.apple.BackgroundModes = {
								enabled = 1;
							};
							com.apple.Push = {
								enabled = 1;
							};
							com.apple.iCloud = {
								enabled = 1;
							};
						};
					};
				};
			};
			buildConfigurationList = 28DDC99F15F858BB00570985 /* Build configuration list for PBXProject "MotionGraphs" */;
			compatibilityVersion = "Xcode 8.0";
			developmentRegion = English;
			hasScannedForEncodings = 0;
			knownRegions = (
				en,
				Base,
				"zh-Hans",
				ja,
				English,
			);
			mainGroup = 28DDC99A15F858BB00570985;
			productRefGroup = 28DDC9A615F858BB00570985 /* Products */;
			projectDirPath = "";
			projectReferences = (
				{
					ProductGroup = 798AF3E11F7C951C00B9A15E /* Products */;
					ProjectRef = 798AF3E01F7C951C00B9A15E /* Pods.xcodeproj */;
				},
			);
			projectRoot = "";
			targets = (
				28DDC9A415F858BB00570985 /* MotionGraphs */,
			);
		};
/* End PBXProject section */

/* Begin PBXReferenceProxy section */
		79586E65204E7AAB009C8768 /* libAVOSCloud.a */ = {
			isa = PBXReferenceProxy;
			fileType = archive.ar;
			path = libAVOSCloud.a;
			remoteRef = 79586E64204E7AAB009C8768 /* PBXContainerItemProxy */;
			sourceTree = BUILT_PRODUCTS_DIR;
		};
		79586E67204E7AAB009C8768 /* libAVOSCloudIM.a */ = {
			isa = PBXReferenceProxy;
			fileType = archive.ar;
			path = libAVOSCloudIM.a;
			remoteRef = 79586E66204E7AAB009C8768 /* PBXContainerItemProxy */;
			sourceTree = BUILT_PRODUCTS_DIR;
		};
		79586E69204E7AAB009C8768 /* libAVOSCloudLiveQuery.a */ = {
			isa = PBXReferenceProxy;
			fileType = archive.ar;
			path = libAVOSCloudLiveQuery.a;
			remoteRef = 79586E68204E7AAB009C8768 /* PBXContainerItemProxy */;
			sourceTree = BUILT_PRODUCTS_DIR;
		};
		798AF3E61F7C951C00B9A15E /* libCorePlot.a */ = {
			isa = PBXReferenceProxy;
			fileType = archive.ar;
			path = libCorePlot.a;
			remoteRef = 798AF3E51F7C951C00B9A15E /* PBXContainerItemProxy */;
			sourceTree = BUILT_PRODUCTS_DIR;
		};
		798AF3E81F7C951C00B9A15E /* libPods-MotionGraphs.a */ = {
			isa = PBXReferenceProxy;
			fileType = archive.ar;
			path = "libPods-MotionGraphs.a";
			remoteRef = 798AF3E71F7C951C00B9A15E /* PBXContainerItemProxy */;
			sourceTree = BUILT_PRODUCTS_DIR;
		};
/* End PBXReferenceProxy section */

/* Begin PBXResourcesBuildPhase section */
		28DDC9A315F858BB00570985 /* Resources */ = {
			isa = PBXResourcesBuildPhase;
			buildActionMask = 2147483647;
			files = (
				28DDC9B415F858BB00570985 /* InfoPlist.strings in Resources */,
				28DDC9BC15F858BB00570985 /* Default.png in Resources */,
				E99D41471B42A2770073563C /* Media.xcassets in Resources */,
				799CC9051EBF6CF200BDE076 /* 华文仿宋.ttf in Resources */,
				28DDC9BE15F858BB00570985 /* Default@2x.png in Resources */,
				28DDC9C015F858BB00570985 /* Default-568h@2x.png in Resources */,
				28DDC9C315F858BB00570985 /* MotionGraphsStoryboard.storyboard in Resources */,
				28EB72EA160506340094726B /* Localizable.strings in Resources */,
			);
			runOnlyForDeploymentPostprocessing = 0;
		};
/* End PBXResourcesBuildPhase section */

/* Begin PBXShellScriptBuildPhase section */
		0AB1A5B654B7449567CFE849 /* [CP] Check Pods Manifest.lock */ = {
			isa = PBXShellScriptBuildPhase;
			buildActionMask = 2147483647;
			files = (
			);
			inputPaths = (
				"${PODS_PODFILE_DIR_PATH}/Podfile.lock",
				"${PODS_ROOT}/Manifest.lock",
			);
			name = "[CP] Check Pods Manifest.lock";
			outputPaths = (
				"$(DERIVED_FILE_DIR)/Pods-MotionGraphs-checkManifestLockResult.txt",
			);
			runOnlyForDeploymentPostprocessing = 0;
			shellPath = /bin/sh;
			shellScript = "diff \"${PODS_PODFILE_DIR_PATH}/Podfile.lock\" \"${PODS_ROOT}/Manifest.lock\" > /dev/null\nif [ $? != 0 ] ; then\n    # print error to STDERR\n    echo \"error: The sandbox is not in sync with the Podfile.lock. Run 'pod install' or update your CocoaPods installation.\" >&2\n    exit 1\nfi\n# This output is used by Xcode 'outputs' to avoid re-running this script phase.\necho \"SUCCESS\" > \"${SCRIPT_OUTPUT_FILE_0}\"\n";
			showEnvVarsInLog = 0;
		};
		6320A397C91A980A771F9159 /* [CP] Copy Pods Resources */ = {
			isa = PBXShellScriptBuildPhase;
			buildActionMask = 2147483647;
			files = (
			);
			inputPaths = (
				"${SRCROOT}/Pods/Target Support Files/Pods-MotionGraphs/Pods-MotionGraphs-resources.sh",
				"${PODS_ROOT}/AVOSCloud/AVOS/AVOSCloud/AVOSCloud_Art.inc",
			);
			name = "[CP] Copy Pods Resources";
			outputPaths = (
				"${TARGET_BUILD_DIR}/${UNLOCALIZED_RESOURCES_FOLDER_PATH}/AVOSCloud_Art.inc",
			);
			runOnlyForDeploymentPostprocessing = 0;
			shellPath = /bin/sh;
			shellScript = "\"${SRCROOT}/Pods/Target Support Files/Pods-MotionGraphs/Pods-MotionGraphs-resources.sh\"\n";
			showEnvVarsInLog = 0;
		};
/* End PBXShellScriptBuildPhase section */

/* Begin PBXSourcesBuildPhase section */
		28DDC9A115F858BB00570985 /* Sources */ = {
			isa = PBXSourcesBuildPhase;
			buildActionMask = 2147483647;
			files = (
				79B17ACA1F71521D00AD73B2 /* APLCloudFile.m in Sources */,
				E9D3F3A519FFADB400EF97AB /* AccelerationRecords.m in Sources */,
				28DDC9B615F858BB00570985 /* main.m in Sources */,
				795746731ED4323F0087E0B8 /* SandboxDetailViewController.m in Sources */,
				799FAA291EED316B00C6DE82 /* APLDocument.m in Sources */,
				BC90355F1D3E8C040039E5C1 /* DropboxDeviceRecordDataMonthViewController.m in Sources */,
				E97212481CB24E6A00A338F0 /* RotationGraphViewController.m in Sources */,
				E941C5181A14884C00BEC0A9 /* AppSandboxDetailViewController.m in Sources */,
				28DDC9BA15F858BB00570985 /* APLAppDelegate.m in Sources */,
				E96A703B1CBE67A800EC12BF /* MapViewController.m in Sources */,
				E92591561AE9EA7D004BC2E3 /* SeismicRecords.m in Sources */,
				799CC8F41EBDF86600BDE076 /* APLViralSwitch.m in Sources */,
				799CC9081EC2226F00BDE076 /* APLPulsingHaloLayer.m in Sources */,
				E9CCAF831A3F173B00A6512B /* APLAccelerometerGraphViewController03.m in Sources */,
				E9F53EDC1B0CBB7A0016D323 /* FFTGraphViewController.m in Sources */,
				E932C5731CD9F82200582292 /* RecordSettingViewController.m in Sources */,
				79280BA41EF15B3C003F9310 /* DropboxViewController.m in Sources */,
				E92591531AE9DCEF004BC2E3 /* BufferRecords.m in Sources */,
				28DDC9D015F859B000570985 /* APLGraphViewController.m in Sources */,
				28DDC9D115F859B000570985 /* APLGraphView.m in Sources */,
				79A084431EFCA48F00B6488B /* APLWGS84TOGCJ02.m in Sources */,
				79DA9CDA1F0CA9EC0007C632 /* APLManagedDocument.m in Sources */,
				79BB573D1ED592AE00A07BAF /* APLSegmentedControl.m in Sources */,
				79DEEF331ECAC7D500BA991B /* APLWaveformView.m in Sources */,
				792678B71EC22F0800487AEE /* APLSAMultisectorControl.m in Sources */,
				E97212601CB3F44F00A338F0 /* DropboxDeviceRecordDataViewController.m in Sources */,
				E9D3F3A219FFAD6E00EF97AB /* Accelero.m in Sources */,
				BC9035621D3E8C380039E5C1 /* DropboxDeviceRecordDataDayViewController.m in Sources */,
				2852E51615FB1E3C0093D0E7 /* APLDeviceMotionGraphViewController.m in Sources */,
				E972124E1CB3920000A338F0 /* DropboxDeviceListViewController.m in Sources */,
				E91DB3051B4F5AEE00885F90 /* AccGraphViewController.m in Sources */,
				792678B61EC22F0800487AEE /* APLSAMath.m in Sources */,
				2806993415FD47DC008A50C0 /* APLGyroGraphViewController.m in Sources */,
				BC90355C1D3E8BE50039E5C1 /* DropboxDeviceRecordDataYearViewController.m in Sources */,
				E941C5151A14825800BEC0A9 /* AppSandboxViewController.m in Sources */,
			);
			runOnlyForDeploymentPostprocessing = 0;
		};
/* End PBXSourcesBuildPhase section */

/* Begin PBXVariantGroup section */
		28DDC9B215F858BB00570985 /* InfoPlist.strings */ = {
			isa = PBXVariantGroup;
			children = (
				28DDC9B315F858BB00570985 /* en */,
				79C04AC41EF91794004933EE /* zh-Hans */,
				79A0843F1EFB9C5A00B6488B /* ja */,
			);
			name = InfoPlist.strings;
			sourceTree = "<group>";
		};
		28DDC9C115F858BB00570985 /* MotionGraphsStoryboard.storyboard */ = {
			isa = PBXVariantGroup;
			children = (
				28EB72E71605028C0094726B /* Base */,
				79C04AC21EF91794004933EE /* zh-Hans */,
				79A0843D1EFB9C5A00B6488B /* ja */,
			);
			name = MotionGraphsStoryboard.storyboard;
			sourceTree = "<group>";
		};
		28EB72EC160506340094726B /* Localizable.strings */ = {
			isa = PBXVariantGroup;
			children = (
				28EB72EB160506340094726B /* en */,
				79C04AC51EF91794004933EE /* zh-Hans */,
				79A084301EFB9C0E00B6488B /* Base */,
				79A084401EFB9C5A00B6488B /* ja */,
			);
			name = Localizable.strings;
			sourceTree = "<group>";
		};
/* End PBXVariantGroup section */

/* Begin XCBuildConfiguration section */
		28DDC9C715F858BB00570985 /* Debug */ = {
			isa = XCBuildConfiguration;
			buildSettings = {
				ALWAYS_SEARCH_USER_PATHS = NO;
				CLANG_ANALYZER_LOCALIZABILITY_NONLOCALIZED = YES;
				CLANG_CXX_LANGUAGE_STANDARD = "gnu++0x";
				CLANG_CXX_LIBRARY = "libc++";
				CLANG_ENABLE_OBJC_ARC = YES;
				CLANG_WARN_BLOCK_CAPTURE_AUTORELEASING = YES;
				CLANG_WARN_BOOL_CONVERSION = YES;
				CLANG_WARN_COMMA = YES;
				CLANG_WARN_CONSTANT_CONVERSION = YES;
				CLANG_WARN_EMPTY_BODY = YES;
				CLANG_WARN_ENUM_CONVERSION = YES;
				CLANG_WARN_INFINITE_RECURSION = YES;
				CLANG_WARN_INT_CONVERSION = YES;
				CLANG_WARN_NON_LITERAL_NULL_CONVERSION = YES;
				CLANG_WARN_OBJC_LITERAL_CONVERSION = YES;
				CLANG_WARN_RANGE_LOOP_ANALYSIS = YES;
				CLANG_WARN_STRICT_PROTOTYPES = YES;
				CLANG_WARN_SUSPICIOUS_MOVE = YES;
				CLANG_WARN_UNREACHABLE_CODE = YES;
				CLANG_WARN__DUPLICATE_METHOD_MATCH = YES;
				"CODE_SIGN_IDENTITY[sdk=iphoneos*]" = "iPhone Developer";
				COPY_PHASE_STRIP = NO;
				ENABLE_STRICT_OBJC_MSGSEND = YES;
				ENABLE_TESTABILITY = YES;
				GCC_C_LANGUAGE_STANDARD = gnu99;
				GCC_DYNAMIC_NO_PIC = NO;
				GCC_NO_COMMON_BLOCKS = YES;
				GCC_OPTIMIZATION_LEVEL = 0;
				GCC_PREPROCESSOR_DEFINITIONS = (
					"DEBUG=1",
					"$(inherited)",
				);
				GCC_SYMBOLS_PRIVATE_EXTERN = NO;
				GCC_WARN_64_TO_32_BIT_CONVERSION = YES;
				GCC_WARN_ABOUT_RETURN_TYPE = YES;
				GCC_WARN_UNDECLARED_SELECTOR = YES;
				GCC_WARN_UNINITIALIZED_AUTOS = YES;
				GCC_WARN_UNUSED_FUNCTION = YES;
				GCC_WARN_UNUSED_VARIABLE = YES;
				IPHONEOS_DEPLOYMENT_TARGET = 10.3;
				ONLY_ACTIVE_ARCH = YES;
				SDKROOT = iphoneos;
			};
			name = Debug;
		};
		28DDC9C815F858BB00570985 /* Release */ = {
			isa = XCBuildConfiguration;
			buildSettings = {
				ALWAYS_SEARCH_USER_PATHS = NO;
				CLANG_ANALYZER_LOCALIZABILITY_NONLOCALIZED = YES;
				CLANG_CXX_LANGUAGE_STANDARD = "gnu++0x";
				CLANG_CXX_LIBRARY = "libc++";
				CLANG_ENABLE_OBJC_ARC = YES;
				CLANG_WARN_BLOCK_CAPTURE_AUTORELEASING = YES;
				CLANG_WARN_BOOL_CONVERSION = YES;
				CLANG_WARN_COMMA = YES;
				CLANG_WARN_CONSTANT_CONVERSION = YES;
				CLANG_WARN_EMPTY_BODY = YES;
				CLANG_WARN_ENUM_CONVERSION = YES;
				CLANG_WARN_INFINITE_RECURSION = YES;
				CLANG_WARN_INT_CONVERSION = YES;
				CLANG_WARN_NON_LITERAL_NULL_CONVERSION = YES;
				CLANG_WARN_OBJC_LITERAL_CONVERSION = YES;
				CLANG_WARN_RANGE_LOOP_ANALYSIS = YES;
				CLANG_WARN_STRICT_PROTOTYPES = YES;
				CLANG_WARN_SUSPICIOUS_MOVE = YES;
				CLANG_WARN_UNREACHABLE_CODE = YES;
				CLANG_WARN__DUPLICATE_METHOD_MATCH = YES;
				"CODE_SIGN_IDENTITY[sdk=iphoneos*]" = "iPhone Developer";
				COPY_PHASE_STRIP = YES;
				ENABLE_STRICT_OBJC_MSGSEND = YES;
				GCC_C_LANGUAGE_STANDARD = gnu99;
				GCC_NO_COMMON_BLOCKS = YES;
				GCC_WARN_64_TO_32_BIT_CONVERSION = YES;
				GCC_WARN_ABOUT_RETURN_TYPE = YES;
				GCC_WARN_UNDECLARED_SELECTOR = YES;
				GCC_WARN_UNINITIALIZED_AUTOS = YES;
				GCC_WARN_UNUSED_FUNCTION = YES;
				GCC_WARN_UNUSED_VARIABLE = YES;
				IPHONEOS_DEPLOYMENT_TARGET = 10.3;
				OTHER_CFLAGS = "-DNS_BLOCK_ASSERTIONS=1";
				SDKROOT = iphoneos;
				VALIDATE_PRODUCT = YES;
			};
			name = Release;
		};
		28DDC9CA15F858BB00570985 /* Debug */ = {
			isa = XCBuildConfiguration;
			baseConfigurationReference = 393390F6C1037BE3D355E617 /* Pods-MotionGraphs.debug.xcconfig */;
			buildSettings = {
				ASSETCATALOG_COMPILER_APPICON_NAME = AppIcon;
				ASSETCATALOG_COMPILER_LAUNCHIMAGE_NAME = LaunchImage;
				CODE_SIGN_ENTITLEMENTS = MotionGraphs/MotionGraphs.entitlements;
				CODE_SIGN_IDENTITY = "iPhone Developer";
				"CODE_SIGN_IDENTITY[sdk=iphoneos*]" = "iPhone Developer";
				DEVELOPMENT_TEAM = 4HJSQ3L8T6;
				ENABLE_BITCODE = NO;
				FRAMEWORK_SEARCH_PATHS = "$(PROJECT_DIR)";
				GCC_PRECOMPILE_PREFIX_HEADER = YES;
				GCC_PREFIX_HEADER = "MotionGraphs/MotionGraphs-Prefix.pch";
				INFOPLIST_FILE = "MotionGraphs/MotionGraphs-Info.plist";
				IPHONEOS_DEPLOYMENT_TARGET = 10.0;
				PRODUCT_BUNDLE_IDENTIFIER = com.saitama.MotionGraphs;
				PRODUCT_NAME = "$(TARGET_NAME)";
				PROVISIONING_PROFILE = "";
				PROVISIONING_PROFILE_SPECIFIER = "";
				SDKROOT = iphoneos;
				TARGETED_DEVICE_FAMILY = "1,2";
				WRAPPER_EXTENSION = app;
			};
			name = Debug;
		};
		28DDC9CB15F858BB00570985 /* Release */ = {
			isa = XCBuildConfiguration;
			baseConfigurationReference = FC1C3AF44067B587369D1087 /* Pods-MotionGraphs.release.xcconfig */;
			buildSettings = {
				ASSETCATALOG_COMPILER_APPICON_NAME = AppIcon;
				ASSETCATALOG_COMPILER_LAUNCHIMAGE_NAME = LaunchImage;
				CODE_SIGN_ENTITLEMENTS = MotionGraphs/MotionGraphs.entitlements;
				CODE_SIGN_IDENTITY = "iPhone Developer";
				"CODE_SIGN_IDENTITY[sdk=iphoneos*]" = "iPhone Developer";
				DEVELOPMENT_TEAM = 4HJSQ3L8T6;
				ENABLE_BITCODE = NO;
				FRAMEWORK_SEARCH_PATHS = "$(PROJECT_DIR)";
				GCC_PRECOMPILE_PREFIX_HEADER = YES;
				GCC_PREFIX_HEADER = "MotionGraphs/MotionGraphs-Prefix.pch";
				INFOPLIST_FILE = "MotionGraphs/MotionGraphs-Info.plist";
				IPHONEOS_DEPLOYMENT_TARGET = 10.0;
				PRODUCT_BUNDLE_IDENTIFIER = com.saitama.MotionGraphs;
				PRODUCT_NAME = "$(TARGET_NAME)";
				PROVISIONING_PROFILE = "";
				PROVISIONING_PROFILE_SPECIFIER = "";
				SDKROOT = iphoneos;
				TARGETED_DEVICE_FAMILY = "1,2";
				WRAPPER_EXTENSION = app;
			};
			name = Release;
		};
/* End XCBuildConfiguration section */

/* Begin XCConfigurationList section */
		28DDC99F15F858BB00570985 /* Build configuration list for PBXProject "MotionGraphs" */ = {
			isa = XCConfigurationList;
			buildConfigurations = (
				28DDC9C715F858BB00570985 /* Debug */,
				28DDC9C815F858BB00570985 /* Release */,
			);
			defaultConfigurationIsVisible = 0;
			defaultConfigurationName = Release;
		};
		28DDC9C915F858BB00570985 /* Build configuration list for PBXNativeTarget "MotionGraphs" */ = {
			isa = XCConfigurationList;
			buildConfigurations = (
				28DDC9CA15F858BB00570985 /* Debug */,
				28DDC9CB15F858BB00570985 /* Release */,
			);
			defaultConfigurationIsVisible = 0;
			defaultConfigurationName = Release;
		};
/* End XCConfigurationList section */
	};
	rootObject = 28DDC99C15F858BB00570985 /* Project object */;
}
